
Microsoft Visual Studio Solution File, Format Version 12.00
# Visual Studio Version 17
VisualStudioVersion = 17.5.002.0
MinimumVisualStudioVersion = 10.0.40219.1
Project("{9A19103F-16F7-4668-BE54-9A1E7A4F7556}") = "Aula-9-30-10-Desafio-War", "Aula-9-30-10-Desafio-War.csproj", "{DF5D3EDE-3121-45CE-8EB5-4E9C4977DB15}"
EndProject
Global
	GlobalSection(SolutionConfigurationPlatforms) = preSolution
		Debug|Any CPU = Debug|Any CPU
		Release|Any CPU = Release|Any CPU
	EndGlobalSection
	GlobalSection(ProjectConfigurationPlatforms) = postSolution
		{DF5D3EDE-3121-45CE-8EB5-4E9C4977DB15}.Debug|Any CPU.ActiveCfg = Debug|Any CPU
		{DF5D3EDE-3121-45CE-8EB5-4E9C4977DB15}.Debug|Any CPU.Build.0 = Debug|Any CPU
		{DF5D3EDE-3121-45CE-8EB5-4E9C4977DB15}.Release|Any CPU.ActiveCfg = Release|Any CPU
		{DF5D3EDE-3121-45CE-8EB5-4E9C4977DB15}.Release|Any CPU.Build.0 = Release|Any CPU
	EndGlobalSection
	GlobalSection(SolutionProperties) = preSolution
		HideSolutionNode = FALSE
	EndGlobalSection
	GlobalSection(ExtensibilityGlobals) = postSolution
		SolutionGuid = {D3E885EE-0EAC-44BE-A694-26E381B508DA}
	EndGlobalSection
EndGlobal
